// !$*UTF8*$!
{
	archiveVersion = 1;
	classes = {
	};
	objectVersion = 51;
	objects = {

/* Begin PBXBuildFile section */
		8F7F3C9B87B5DC6BD1FF13D6 /* Pods_Native_Apps_Music_App.framework in Frameworks */ = {isa = PBXBuildFile; fileRef = 3F57C57C6EC4238449ECDA32 /* Pods_Native_Apps_Music_App.framework */; };
		9CC7B643CEC16263E808CA8A /* Pods_Native_Apps_Music_AppTests.framework in Frameworks */ = {isa = PBXBuildFile; fileRef = AF24D47ECF8E1BB55FFDD81B /* Pods_Native_Apps_Music_AppTests.framework */; };
		B70733B6256BCF6F0094DF51 /* AppDelegate.swift in Sources */ = {isa = PBXBuildFile; fileRef = B70733B5256BCF6F0094DF51 /* AppDelegate.swift */; };
		B70733B8256BCF6F0094DF51 /* SceneDelegate.swift in Sources */ = {isa = PBXBuildFile; fileRef = B70733B7256BCF6F0094DF51 /* SceneDelegate.swift */; };
		B70733BC256BCF980094DF51 /* Assets.xcassets in Resources */ = {isa = PBXBuildFile; fileRef = B70733BB256BCF980094DF51 /* Assets.xcassets */; };
		B70733BF256BCF980094DF51 /* Preview Assets.xcassets in Resources */ = {isa = PBXBuildFile; fileRef = B70733BE256BCF980094DF51 /* Preview Assets.xcassets */; };
		B70733C2256BCF980094DF51 /* Main.storyboard in Resources */ = {isa = PBXBuildFile; fileRef = B70733C0256BCF980094DF51 /* Main.storyboard */; };
		B70733CD256BCF9B0094DF51 /* Native_Apps_Music_AppTests.swift in Sources */ = {isa = PBXBuildFile; fileRef = B70733CC256BCF9B0094DF51 /* Native_Apps_Music_AppTests.swift */; };
		B70733D8256BCF9B0094DF51 /* Native_Apps_Music_AppUITests.swift in Sources */ = {isa = PBXBuildFile; fileRef = B70733D7256BCF9B0094DF51 /* Native_Apps_Music_AppUITests.swift */; };
		B70733FF256BDCFF0094DF51 /* LaunchScreen.storyboard in Resources */ = {isa = PBXBuildFile; fileRef = B70733FE256BDCFF0094DF51 /* LaunchScreen.storyboard */; };
		B717EB17259B433D00DD5F00 /* GoogleService-Info.plist in Resources */ = {isa = PBXBuildFile; fileRef = B717EB16259B433D00DD5F00 /* GoogleService-Info.plist */; };
		B717EB3D259B672E00DD5F00 /* Artist.swift in Sources */ = {isa = PBXBuildFile; fileRef = B717EB3C259B672E00DD5F00 /* Artist.swift */; };
		B717EB42259B685E00DD5F00 /* Song.swift in Sources */ = {isa = PBXBuildFile; fileRef = B717EB41259B685E00DD5F00 /* Song.swift */; };
		B717EB48259B95F300DD5F00 /* ArtistsCollectionViewCell.swift in Sources */ = {isa = PBXBuildFile; fileRef = B717EB47259B95F200DD5F00 /* ArtistsCollectionViewCell.swift */; };
		B75B9817257ECB4A0036C8C5 /* HomeViewController.swift in Sources */ = {isa = PBXBuildFile; fileRef = B75B9816257ECB4A0036C8C5 /* HomeViewController.swift */; };
		B75B981C257ECBAB0036C8C5 /* PlaylistsViewController.swift in Sources */ = {isa = PBXBuildFile; fileRef = B75B981B257ECBAB0036C8C5 /* PlaylistsViewController.swift */; };
		B75B9821257ECBC00036C8C5 /* ArtistsViewController.swift in Sources */ = {isa = PBXBuildFile; fileRef = B75B9820257ECBC00036C8C5 /* ArtistsViewController.swift */; };
		ED5F2F6ABDA38D89CDECE962 /* Pods_Native_Apps_Music_App_Native_Apps_Music_AppUITests.framework in Frameworks */ = {isa = PBXBuildFile; fileRef = 3FB84FB10ED2DED215A149CD /* Pods_Native_Apps_Music_App_Native_Apps_Music_AppUITests.framework */; };
/* End PBXBuildFile section */

/* Begin PBXContainerItemProxy section */
		B70733C9256BCF9B0094DF51 /* PBXContainerItemProxy */ = {
			isa = PBXContainerItemProxy;
			containerPortal = B70733AA256BCF6E0094DF51 /* Project object */;
			proxyType = 1;
			remoteGlobalIDString = B70733B1256BCF6E0094DF51;
			remoteInfo = "Native Apps Music App";
		};
		B70733D4256BCF9B0094DF51 /* PBXContainerItemProxy */ = {
			isa = PBXContainerItemProxy;
			containerPortal = B70733AA256BCF6E0094DF51 /* Project object */;
			proxyType = 1;
			remoteGlobalIDString = B70733B1256BCF6E0094DF51;
			remoteInfo = "Native Apps Music App";
		};
/* End PBXContainerItemProxy section */

/* Begin PBXFileReference section */
		3F57C57C6EC4238449ECDA32 /* Pods_Native_Apps_Music_App.framework */ = {isa = PBXFileReference; explicitFileType = wrapper.framework; includeInIndex = 0; path = Pods_Native_Apps_Music_App.framework; sourceTree = BUILT_PRODUCTS_DIR; };
		3FB84FB10ED2DED215A149CD /* Pods_Native_Apps_Music_App_Native_Apps_Music_AppUITests.framework */ = {isa = PBXFileReference; explicitFileType = wrapper.framework; includeInIndex = 0; path = Pods_Native_Apps_Music_App_Native_Apps_Music_AppUITests.framework; sourceTree = BUILT_PRODUCTS_DIR; };
		5FC6C30BC6FBC14B05E72F6C /* Pods-Native Apps Music App.debug.xcconfig */ = {isa = PBXFileReference; includeInIndex = 1; lastKnownFileType = text.xcconfig; name = "Pods-Native Apps Music App.debug.xcconfig"; path = "Target Support Files/Pods-Native Apps Music App/Pods-Native Apps Music App.debug.xcconfig"; sourceTree = "<group>"; };
		690B64AB169D9901A5A76A7B /* Pods-Native Apps Music App-Native Apps Music AppUITests.release.xcconfig */ = {isa = PBXFileReference; includeInIndex = 1; lastKnownFileType = text.xcconfig; name = "Pods-Native Apps Music App-Native Apps Music AppUITests.release.xcconfig"; path = "Target Support Files/Pods-Native Apps Music App-Native Apps Music AppUITests/Pods-Native Apps Music App-Native Apps Music AppUITests.release.xcconfig"; sourceTree = "<group>"; };
		7F09303262F327A57FDE0BA2 /* Pods-Native Apps Music AppTests.release.xcconfig */ = {isa = PBXFileReference; includeInIndex = 1; lastKnownFileType = text.xcconfig; name = "Pods-Native Apps Music AppTests.release.xcconfig"; path = "Target Support Files/Pods-Native Apps Music AppTests/Pods-Native Apps Music AppTests.release.xcconfig"; sourceTree = "<group>"; };
		AF24D47ECF8E1BB55FFDD81B /* Pods_Native_Apps_Music_AppTests.framework */ = {isa = PBXFileReference; explicitFileType = wrapper.framework; includeInIndex = 0; path = Pods_Native_Apps_Music_AppTests.framework; sourceTree = BUILT_PRODUCTS_DIR; };
		B70733B2256BCF6F0094DF51 /* Native Apps Music App.app */ = {isa = PBXFileReference; explicitFileType = wrapper.application; includeInIndex = 0; path = "Native Apps Music App.app"; sourceTree = BUILT_PRODUCTS_DIR; };
		B70733B5256BCF6F0094DF51 /* AppDelegate.swift */ = {isa = PBXFileReference; lastKnownFileType = sourcecode.swift; path = AppDelegate.swift; sourceTree = "<group>"; };
		B70733B7256BCF6F0094DF51 /* SceneDelegate.swift */ = {isa = PBXFileReference; lastKnownFileType = sourcecode.swift; path = SceneDelegate.swift; sourceTree = "<group>"; };
		B70733BB256BCF980094DF51 /* Assets.xcassets */ = {isa = PBXFileReference; lastKnownFileType = folder.assetcatalog; path = Assets.xcassets; sourceTree = "<group>"; };
		B70733BE256BCF980094DF51 /* Preview Assets.xcassets */ = {isa = PBXFileReference; lastKnownFileType = folder.assetcatalog; path = "Preview Assets.xcassets"; sourceTree = "<group>"; };
		B70733C1256BCF980094DF51 /* Base */ = {isa = PBXFileReference; lastKnownFileType = file.storyboard; name = Base; path = Base.lproj/Main.storyboard; sourceTree = "<group>"; };
		B70733C3256BCF980094DF51 /* Info.plist */ = {isa = PBXFileReference; lastKnownFileType = text.plist.xml; path = Info.plist; sourceTree = "<group>"; };
		B70733C8256BCF9B0094DF51 /* Native Apps Music AppTests.xctest */ = {isa = PBXFileReference; explicitFileType = wrapper.cfbundle; includeInIndex = 0; path = "Native Apps Music AppTests.xctest"; sourceTree = BUILT_PRODUCTS_DIR; };
		B70733CC256BCF9B0094DF51 /* Native_Apps_Music_AppTests.swift */ = {isa = PBXFileReference; lastKnownFileType = sourcecode.swift; path = Native_Apps_Music_AppTests.swift; sourceTree = "<group>"; };
		B70733CE256BCF9B0094DF51 /* Info.plist */ = {isa = PBXFileReference; lastKnownFileType = text.plist.xml; path = Info.plist; sourceTree = "<group>"; };
		B70733D3256BCF9B0094DF51 /* Native Apps Music AppUITests.xctest */ = {isa = PBXFileReference; explicitFileType = wrapper.cfbundle; includeInIndex = 0; path = "Native Apps Music AppUITests.xctest"; sourceTree = BUILT_PRODUCTS_DIR; };
		B70733D7256BCF9B0094DF51 /* Native_Apps_Music_AppUITests.swift */ = {isa = PBXFileReference; lastKnownFileType = sourcecode.swift; path = Native_Apps_Music_AppUITests.swift; sourceTree = "<group>"; };
		B70733D9256BCF9B0094DF51 /* Info.plist */ = {isa = PBXFileReference; lastKnownFileType = text.plist.xml; path = Info.plist; sourceTree = "<group>"; };
		B70733FE256BDCFF0094DF51 /* LaunchScreen.storyboard */ = {isa = PBXFileReference; lastKnownFileType = file.storyboard; path = LaunchScreen.storyboard; sourceTree = "<group>"; };
		B717EB16259B433D00DD5F00 /* GoogleService-Info.plist */ = {isa = PBXFileReference; fileEncoding = 4; lastKnownFileType = text.plist.xml; name = "GoogleService-Info.plist"; path = "../../../../Downloads/GoogleService-Info.plist"; sourceTree = "<group>"; };
		B717EB3C259B672E00DD5F00 /* Artist.swift */ = {isa = PBXFileReference; lastKnownFileType = sourcecode.swift; path = Artist.swift; sourceTree = "<group>"; };
		B717EB41259B685E00DD5F00 /* Song.swift */ = {isa = PBXFileReference; lastKnownFileType = sourcecode.swift; path = Song.swift; sourceTree = "<group>"; };
		B717EB47259B95F200DD5F00 /* ArtistsCollectionViewCell.swift */ = {isa = PBXFileReference; lastKnownFileType = sourcecode.swift; path = ArtistsCollectionViewCell.swift; sourceTree = "<group>"; };
		B75B9816257ECB4A0036C8C5 /* HomeViewController.swift */ = {isa = PBXFileReference; lastKnownFileType = sourcecode.swift; path = HomeViewController.swift; sourceTree = "<group>"; };
		B75B981B257ECBAB0036C8C5 /* PlaylistsViewController.swift */ = {isa = PBXFileReference; lastKnownFileType = sourcecode.swift; path = PlaylistsViewController.swift; sourceTree = "<group>"; };
		B75B9820257ECBC00036C8C5 /* ArtistsViewController.swift */ = {isa = PBXFileReference; lastKnownFileType = sourcecode.swift; path = ArtistsViewController.swift; sourceTree = "<group>"; };
		C691B2BD44DFF78999617F85 /* Pods-Native Apps Music AppTests.debug.xcconfig */ = {isa = PBXFileReference; includeInIndex = 1; lastKnownFileType = text.xcconfig; name = "Pods-Native Apps Music AppTests.debug.xcconfig"; path = "Target Support Files/Pods-Native Apps Music AppTests/Pods-Native Apps Music AppTests.debug.xcconfig"; sourceTree = "<group>"; };
		C81C345327FA89C6D703D633 /* Pods-Native Apps Music App-Native Apps Music AppUITests.debug.xcconfig */ = {isa = PBXFileReference; includeInIndex = 1; lastKnownFileType = text.xcconfig; name = "Pods-Native Apps Music App-Native Apps Music AppUITests.debug.xcconfig"; path = "Target Support Files/Pods-Native Apps Music App-Native Apps Music AppUITests/Pods-Native Apps Music App-Native Apps Music AppUITests.debug.xcconfig"; sourceTree = "<group>"; };
		FD5188DD40603ECEA0ADA576 /* Pods-Native Apps Music App.release.xcconfig */ = {isa = PBXFileReference; includeInIndex = 1; lastKnownFileType = text.xcconfig; name = "Pods-Native Apps Music App.release.xcconfig"; path = "Target Support Files/Pods-Native Apps Music App/Pods-Native Apps Music App.release.xcconfig"; sourceTree = "<group>"; };
/* End PBXFileReference section */

/* Begin PBXFrameworksBuildPhase section */
		B70733AF256BCF6E0094DF51 /* Frameworks */ = {
			isa = PBXFrameworksBuildPhase;
			buildActionMask = 2147483647;
			files = (
				8F7F3C9B87B5DC6BD1FF13D6 /* Pods_Native_Apps_Music_App.framework in Frameworks */,
			);
			runOnlyForDeploymentPostprocessing = 0;
		};
		B70733C5256BCF9B0094DF51 /* Frameworks */ = {
			isa = PBXFrameworksBuildPhase;
			buildActionMask = 2147483647;
			files = (
				9CC7B643CEC16263E808CA8A /* Pods_Native_Apps_Music_AppTests.framework in Frameworks */,
			);
			runOnlyForDeploymentPostprocessing = 0;
		};
		B70733D0256BCF9B0094DF51 /* Frameworks */ = {
			isa = PBXFrameworksBuildPhase;
			buildActionMask = 2147483647;
			files = (
				ED5F2F6ABDA38D89CDECE962 /* Pods_Native_Apps_Music_App_Native_Apps_Music_AppUITests.framework in Frameworks */,
			);
			runOnlyForDeploymentPostprocessing = 0;
		};
/* End PBXFrameworksBuildPhase section */

/* Begin PBXGroup section */
		0167850329B60E12570FC3B9 /* Frameworks */ = {
			isa = PBXGroup;
			children = (
				3F57C57C6EC4238449ECDA32 /* Pods_Native_Apps_Music_App.framework */,
				3FB84FB10ED2DED215A149CD /* Pods_Native_Apps_Music_App_Native_Apps_Music_AppUITests.framework */,
				AF24D47ECF8E1BB55FFDD81B /* Pods_Native_Apps_Music_AppTests.framework */,
			);
			name = Frameworks;
			sourceTree = "<group>";
		};
		A1066A417138920F2113E98C /* Pods */ = {
			isa = PBXGroup;
			children = (
				5FC6C30BC6FBC14B05E72F6C /* Pods-Native Apps Music App.debug.xcconfig */,
				FD5188DD40603ECEA0ADA576 /* Pods-Native Apps Music App.release.xcconfig */,
				C81C345327FA89C6D703D633 /* Pods-Native Apps Music App-Native Apps Music AppUITests.debug.xcconfig */,
				690B64AB169D9901A5A76A7B /* Pods-Native Apps Music App-Native Apps Music AppUITests.release.xcconfig */,
				C691B2BD44DFF78999617F85 /* Pods-Native Apps Music AppTests.debug.xcconfig */,
				7F09303262F327A57FDE0BA2 /* Pods-Native Apps Music AppTests.release.xcconfig */,
			);
			path = Pods;
			sourceTree = "<group>";
		};
		B70733A9256BCF6E0094DF51 = {
			isa = PBXGroup;
			children = (
				B70733B4256BCF6F0094DF51 /* Native Apps Music App */,
				B70733CB256BCF9B0094DF51 /* Native Apps Music AppTests */,
				B70733D6256BCF9B0094DF51 /* Native Apps Music AppUITests */,
				B70733B3256BCF6F0094DF51 /* Products */,
				A1066A417138920F2113E98C /* Pods */,
				0167850329B60E12570FC3B9 /* Frameworks */,
			);
			sourceTree = "<group>";
		};
		B70733B3256BCF6F0094DF51 /* Products */ = {
			isa = PBXGroup;
			children = (
				B70733B2256BCF6F0094DF51 /* Native Apps Music App.app */,
				B70733C8256BCF9B0094DF51 /* Native Apps Music AppTests.xctest */,
				B70733D3256BCF9B0094DF51 /* Native Apps Music AppUITests.xctest */,
			);
			name = Products;
			sourceTree = "<group>";
		};
		B70733B4256BCF6F0094DF51 /* Native Apps Music App */ = {
			isa = PBXGroup;
			children = (
				B717EB3B259B671C00DD5F00 /* Models */,
				B717EB16259B433D00DD5F00 /* GoogleService-Info.plist */,
				B75B9815257ECA960036C8C5 /* View Controllers */,
				B70733B5256BCF6F0094DF51 /* AppDelegate.swift */,
				B70733B7256BCF6F0094DF51 /* SceneDelegate.swift */,
				B70733BB256BCF980094DF51 /* Assets.xcassets */,
				B70733C0256BCF980094DF51 /* Main.storyboard */,
				B70733FE256BDCFF0094DF51 /* LaunchScreen.storyboard */,
				B70733C3256BCF980094DF51 /* Info.plist */,
				B70733BD256BCF980094DF51 /* Preview Content */,
			);
			path = "Native Apps Music App";
			sourceTree = "<group>";
		};
		B70733BD256BCF980094DF51 /* Preview Content */ = {
			isa = PBXGroup;
			children = (
				B70733BE256BCF980094DF51 /* Preview Assets.xcassets */,
			);
			path = "Preview Content";
			sourceTree = "<group>";
		};
		B70733CB256BCF9B0094DF51 /* Native Apps Music AppTests */ = {
			isa = PBXGroup;
			children = (
				B70733CC256BCF9B0094DF51 /* Native_Apps_Music_AppTests.swift */,
				B70733CE256BCF9B0094DF51 /* Info.plist */,
			);
			path = "Native Apps Music AppTests";
			sourceTree = "<group>";
		};
		B70733D6256BCF9B0094DF51 /* Native Apps Music AppUITests */ = {
			isa = PBXGroup;
			children = (
				B70733D7256BCF9B0094DF51 /* Native_Apps_Music_AppUITests.swift */,
				B70733D9256BCF9B0094DF51 /* Info.plist */,
			);
			path = "Native Apps Music AppUITests";
			sourceTree = "<group>";
		};
		B717EB3B259B671C00DD5F00 /* Models */ = {
			isa = PBXGroup;
			children = (
				B717EB3C259B672E00DD5F00 /* Artist.swift */,
				B717EB41259B685E00DD5F00 /* Song.swift */,
			);
			path = Models;
			sourceTree = "<group>";
		};
		B717EB46259B95AA00DD5F00 /* View Cells */ = {
			isa = PBXGroup;
			children = (
				B717EB47259B95F200DD5F00 /* ArtistsCollectionViewCell.swift */,
			);
			path = "View Cells";
			sourceTree = "<group>";
		};
		B75B9815257ECA960036C8C5 /* View Controllers */ = {
			isa = PBXGroup;
			children = (
				B717EB46259B95AA00DD5F00 /* View Cells */,
				B75B9816257ECB4A0036C8C5 /* HomeViewController.swift */,
				B75B981B257ECBAB0036C8C5 /* PlaylistsViewController.swift */,
				B75B9820257ECBC00036C8C5 /* ArtistsViewController.swift */,
			);
			path = "View Controllers";
			sourceTree = "<group>";
		};
/* End PBXGroup section */

/* Begin PBXNativeTarget section */
		B70733B1256BCF6E0094DF51 /* Native Apps Music App */ = {
			isa = PBXNativeTarget;
			buildConfigurationList = B70733DC256BCF9B0094DF51 /* Build configuration list for PBXNativeTarget "Native Apps Music App" */;
			buildPhases = (
				8BA69F2261199F2605A32A67 /* [CP] Check Pods Manifest.lock */,
				B70733AE256BCF6E0094DF51 /* Sources */,
				B70733AF256BCF6E0094DF51 /* Frameworks */,
				B70733B0256BCF6E0094DF51 /* Resources */,
				C8DACF88A0E35395699EA5E9 /* [CP] Embed Pods Frameworks */,
			);
			buildRules = (
			);
			dependencies = (
			);
			name = "Native Apps Music App";
			productName = "Native Apps Music App";
			productReference = B70733B2256BCF6F0094DF51 /* Native Apps Music App.app */;
			productType = "com.apple.product-type.application";
		};
		B70733C7256BCF9B0094DF51 /* Native Apps Music AppTests */ = {
			isa = PBXNativeTarget;
			buildConfigurationList = B70733DF256BCF9B0094DF51 /* Build configuration list for PBXNativeTarget "Native Apps Music AppTests" */;
			buildPhases = (
				5648A3463B1D7B7721CEE1E4 /* [CP] Check Pods Manifest.lock */,
				B70733C4256BCF9B0094DF51 /* Sources */,
				B70733C5256BCF9B0094DF51 /* Frameworks */,
				B70733C6256BCF9B0094DF51 /* Resources */,
			);
			buildRules = (
			);
			dependencies = (
				B70733CA256BCF9B0094DF51 /* PBXTargetDependency */,
			);
			name = "Native Apps Music AppTests";
			productName = "Native Apps Music AppTests";
			productReference = B70733C8256BCF9B0094DF51 /* Native Apps Music AppTests.xctest */;
			productType = "com.apple.product-type.bundle.unit-test";
		};
		B70733D2256BCF9B0094DF51 /* Native Apps Music AppUITests */ = {
			isa = PBXNativeTarget;
			buildConfigurationList = B70733E2256BCF9B0094DF51 /* Build configuration list for PBXNativeTarget "Native Apps Music AppUITests" */;
			buildPhases = (
				D2EE83C3FE5F34D742CA6FA5 /* [CP] Check Pods Manifest.lock */,
				B70733CF256BCF9B0094DF51 /* Sources */,
				B70733D0256BCF9B0094DF51 /* Frameworks */,
				B70733D1256BCF9B0094DF51 /* Resources */,
				E0010F884E34B9A22E4600E3 /* [CP] Embed Pods Frameworks */,
			);
			buildRules = (
			);
			dependencies = (
				B70733D5256BCF9B0094DF51 /* PBXTargetDependency */,
			);
			name = "Native Apps Music AppUITests";
			productName = "Native Apps Music AppUITests";
			productReference = B70733D3256BCF9B0094DF51 /* Native Apps Music AppUITests.xctest */;
			productType = "com.apple.product-type.bundle.ui-testing";
		};
/* End PBXNativeTarget section */

/* Begin PBXProject section */
		B70733AA256BCF6E0094DF51 /* Project object */ = {
			isa = PBXProject;
			attributes = {
				LastSwiftUpdateCheck = 1200;
				LastUpgradeCheck = 1200;
				TargetAttributes = {
					B70733B1256BCF6E0094DF51 = {
						CreatedOnToolsVersion = 12.0;
					};
					B70733C7256BCF9B0094DF51 = {
						CreatedOnToolsVersion = 12.0;
						TestTargetID = B70733B1256BCF6E0094DF51;
					};
					B70733D2256BCF9B0094DF51 = {
						CreatedOnToolsVersion = 12.0;
						TestTargetID = B70733B1256BCF6E0094DF51;
					};
				};
			};
			buildConfigurationList = B70733AD256BCF6E0094DF51 /* Build configuration list for PBXProject "Native Apps Music App" */;
			compatibilityVersion = "Xcode 9.3";
			developmentRegion = en;
			hasScannedForEncodings = 0;
			knownRegions = (
				en,
				Base,
			);
			mainGroup = B70733A9256BCF6E0094DF51;
			productRefGroup = B70733B3256BCF6F0094DF51 /* Products */;
			projectDirPath = "";
			projectRoot = "";
			targets = (
				B70733B1256BCF6E0094DF51 /* Native Apps Music App */,
				B70733C7256BCF9B0094DF51 /* Native Apps Music AppTests */,
				B70733D2256BCF9B0094DF51 /* Native Apps Music AppUITests */,
			);
		};
/* End PBXProject section */

/* Begin PBXResourcesBuildPhase section */
		B70733B0256BCF6E0094DF51 /* Resources */ = {
			isa = PBXResourcesBuildPhase;
			buildActionMask = 2147483647;
			files = (
				B70733C2256BCF980094DF51 /* Main.storyboard in Resources */,
				B70733FF256BDCFF0094DF51 /* LaunchScreen.storyboard in Resources */,
				B717EB17259B433D00DD5F00 /* GoogleService-Info.plist in Resources */,
				B70733BF256BCF980094DF51 /* Preview Assets.xcassets in Resources */,
				B70733BC256BCF980094DF51 /* Assets.xcassets in Resources */,
			);
			runOnlyForDeploymentPostprocessing = 0;
		};
		B70733C6256BCF9B0094DF51 /* Resources */ = {
			isa = PBXResourcesBuildPhase;
			buildActionMask = 2147483647;
			files = (
			);
			runOnlyForDeploymentPostprocessing = 0;
		};
		B70733D1256BCF9B0094DF51 /* Resources */ = {
			isa = PBXResourcesBuildPhase;
			buildActionMask = 2147483647;
			files = (
			);
			runOnlyForDeploymentPostprocessing = 0;
		};
/* End PBXResourcesBuildPhase section */

/* Begin PBXShellScriptBuildPhase section */
		5648A3463B1D7B7721CEE1E4 /* [CP] Check Pods Manifest.lock */ = {
			isa = PBXShellScriptBuildPhase;
			buildActionMask = 2147483647;
			files = (
			);
			inputFileListPaths = (
			);
			inputPaths = (
				"${PODS_PODFILE_DIR_PATH}/Podfile.lock",
				"${PODS_ROOT}/Manifest.lock",
			);
			name = "[CP] Check Pods Manifest.lock";
			outputFileListPaths = (
			);
			outputPaths = (
				"$(DERIVED_FILE_DIR)/Pods-Native Apps Music AppTests-checkManifestLockResult.txt",
			);
			runOnlyForDeploymentPostprocessing = 0;
			shellPath = /bin/sh;
			shellScript = "diff \"${PODS_PODFILE_DIR_PATH}/Podfile.lock\" \"${PODS_ROOT}/Manifest.lock\" > /dev/null\nif [ $? != 0 ] ; then\n    # print error to STDERR\n    echo \"error: The sandbox is not in sync with the Podfile.lock. Run 'pod install' or update your CocoaPods installation.\" >&2\n    exit 1\nfi\n# This output is used by Xcode 'outputs' to avoid re-running this script phase.\necho \"SUCCESS\" > \"${SCRIPT_OUTPUT_FILE_0}\"\n";
			showEnvVarsInLog = 0;
		};
		8BA69F2261199F2605A32A67 /* [CP] Check Pods Manifest.lock */ = {
			isa = PBXShellScriptBuildPhase;
			buildActionMask = 2147483647;
			files = (
			);
			inputFileListPaths = (
			);
			inputPaths = (
				"${PODS_PODFILE_DIR_PATH}/Podfile.lock",
				"${PODS_ROOT}/Manifest.lock",
			);
			name = "[CP] Check Pods Manifest.lock";
			outputFileListPaths = (
			);
			outputPaths = (
				"$(DERIVED_FILE_DIR)/Pods-Native Apps Music App-checkManifestLockResult.txt",
			);
			runOnlyForDeploymentPostprocessing = 0;
			shellPath = /bin/sh;
			shellScript = "diff \"${PODS_PODFILE_DIR_PATH}/Podfile.lock\" \"${PODS_ROOT}/Manifest.lock\" > /dev/null\nif [ $? != 0 ] ; then\n    # print error to STDERR\n    echo \"error: The sandbox is not in sync with the Podfile.lock. Run 'pod install' or update your CocoaPods installation.\" >&2\n    exit 1\nfi\n# This output is used by Xcode 'outputs' to avoid re-running this script phase.\necho \"SUCCESS\" > \"${SCRIPT_OUTPUT_FILE_0}\"\n";
			showEnvVarsInLog = 0;
		};
		C8DACF88A0E35395699EA5E9 /* [CP] Embed Pods Frameworks */ = {
			isa = PBXShellScriptBuildPhase;
			buildActionMask = 2147483647;
			files = (
			);
			inputFileListPaths = (
				"${PODS_ROOT}/Target Support Files/Pods-Native Apps Music App/Pods-Native Apps Music App-frameworks-${CONFIGURATION}-input-files.xcfilelist",
			);
			name = "[CP] Embed Pods Frameworks";
			outputFileListPaths = (
				"${PODS_ROOT}/Target Support Files/Pods-Native Apps Music App/Pods-Native Apps Music App-frameworks-${CONFIGURATION}-output-files.xcfilelist",
			);
			runOnlyForDeploymentPostprocessing = 0;
			shellPath = /bin/sh;
			shellScript = "\"${PODS_ROOT}/Target Support Files/Pods-Native Apps Music App/Pods-Native Apps Music App-frameworks.sh\"\n";
			showEnvVarsInLog = 0;
		};
		D2EE83C3FE5F34D742CA6FA5 /* [CP] Check Pods Manifest.lock */ = {
			isa = PBXShellScriptBuildPhase;
			buildActionMask = 2147483647;
			files = (
			);
			inputFileListPaths = (
			);
			inputPaths = (
				"${PODS_PODFILE_DIR_PATH}/Podfile.lock",
				"${PODS_ROOT}/Manifest.lock",
			);
			name = "[CP] Check Pods Manifest.lock";
			outputFileListPaths = (
			);
			outputPaths = (
				"$(DERIVED_FILE_DIR)/Pods-Native Apps Music App-Native Apps Music AppUITests-checkManifestLockResult.txt",
			);
			runOnlyForDeploymentPostprocessing = 0;
			shellPath = /bin/sh;
			shellScript = "diff \"${PODS_PODFILE_DIR_PATH}/Podfile.lock\" \"${PODS_ROOT}/Manifest.lock\" > /dev/null\nif [ $? != 0 ] ; then\n    # print error to STDERR\n    echo \"error: The sandbox is not in sync with the Podfile.lock. Run 'pod install' or update your CocoaPods installation.\" >&2\n    exit 1\nfi\n# This output is used by Xcode 'outputs' to avoid re-running this script phase.\necho \"SUCCESS\" > \"${SCRIPT_OUTPUT_FILE_0}\"\n";
			showEnvVarsInLog = 0;
		};
		E0010F884E34B9A22E4600E3 /* [CP] Embed Pods Frameworks */ = {
			isa = PBXShellScriptBuildPhase;
			buildActionMask = 2147483647;
			files = (
			);
			inputFileListPaths = (
				"${PODS_ROOT}/Target Support Files/Pods-Native Apps Music App-Native Apps Music AppUITests/Pods-Native Apps Music App-Native Apps Music AppUITests-frameworks-${CONFIGURATION}-input-files.xcfilelist",
			);
			name = "[CP] Embed Pods Frameworks";
			outputFileListPaths = (
				"${PODS_ROOT}/Target Support Files/Pods-Native Apps Music App-Native Apps Music AppUITests/Pods-Native Apps Music App-Native Apps Music AppUITests-frameworks-${CONFIGURATION}-output-files.xcfilelist",
			);
			runOnlyForDeploymentPostprocessing = 0;
			shellPath = /bin/sh;
			shellScript = "\"${PODS_ROOT}/Target Support Files/Pods-Native Apps Music App-Native Apps Music AppUITests/Pods-Native Apps Music App-Native Apps Music AppUITests-frameworks.sh\"\n";
			showEnvVarsInLog = 0;
		};
/* End PBXShellScriptBuildPhase section */

/* Begin PBXSourcesBuildPhase section */
		B70733AE256BCF6E0094DF51 /* Sources */ = {
			isa = PBXSourcesBuildPhase;
			buildActionMask = 2147483647;
			files = (
				B717EB42259B685E00DD5F00 /* Song.swift in Sources */,
				B717EB3D259B672E00DD5F00 /* Artist.swift in Sources */,
				B75B981C257ECBAB0036C8C5 /* PlaylistsViewController.swift in Sources */,
				B717EB48259B95F300DD5F00 /* ArtistsCollectionViewCell.swift in Sources */,
				B70733B6256BCF6F0094DF51 /* AppDelegate.swift in Sources */,
				B70733B8256BCF6F0094DF51 /* SceneDelegate.swift in Sources */,
				B75B9821257ECBC00036C8C5 /* ArtistsViewController.swift in Sources */,
				B75B9817257ECB4A0036C8C5 /* HomeViewController.swift in Sources */,
			);
			runOnlyForDeploymentPostprocessing = 0;
		};
		B70733C4256BCF9B0094DF51 /* Sources */ = {
			isa = PBXSourcesBuildPhase;
			buildActionMask = 2147483647;
			files = (
				B70733CD256BCF9B0094DF51 /* Native_Apps_Music_AppTests.swift in Sources */,
			);
			runOnlyForDeploymentPostprocessing = 0;
		};
		B70733CF256BCF9B0094DF51 /* Sources */ = {
			isa = PBXSourcesBuildPhase;
			buildActionMask = 2147483647;
			files = (
				B70733D8256BCF9B0094DF51 /* Native_Apps_Music_AppUITests.swift in Sources */,
			);
			runOnlyForDeploymentPostprocessing = 0;
		};
/* End PBXSourcesBuildPhase section */

/* Begin PBXTargetDependency section */
		B70733CA256BCF9B0094DF51 /* PBXTargetDependency */ = {
			isa = PBXTargetDependency;
			target = B70733B1256BCF6E0094DF51 /* Native Apps Music App */;
			targetProxy = B70733C9256BCF9B0094DF51 /* PBXContainerItemProxy */;
		};
		B70733D5256BCF9B0094DF51 /* PBXTargetDependency */ = {
			isa = PBXTargetDependency;
			target = B70733B1256BCF6E0094DF51 /* Native Apps Music App */;
			targetProxy = B70733D4256BCF9B0094DF51 /* PBXContainerItemProxy */;
		};
/* End PBXTargetDependency section */

/* Begin PBXVariantGroup section */
		B70733C0256BCF980094DF51 /* Main.storyboard */ = {
			isa = PBXVariantGroup;
			children = (
				B70733C1256BCF980094DF51 /* Base */,
			);
			name = Main.storyboard;
			sourceTree = "<group>";
		};
/* End PBXVariantGroup section */

/* Begin XCBuildConfiguration section */
		B70733DA256BCF9B0094DF51 /* Debug */ = {
			isa = XCBuildConfiguration;
			buildSettings = {
				ALWAYS_SEARCH_USER_PATHS = NO;
				CLANG_ANALYZER_NONNULL = YES;
				CLANG_ANALYZER_NUMBER_OBJECT_CONVERSION = YES_AGGRESSIVE;
				CLANG_CXX_LANGUAGE_STANDARD = "gnu++14";
				CLANG_CXX_LIBRARY = "libc++";
				CLANG_ENABLE_MODULES = YES;
				CLANG_ENABLE_OBJC_ARC = YES;
				CLANG_ENABLE_OBJC_WEAK = YES;
				CLANG_WARN_BLOCK_CAPTURE_AUTORELEASING = YES;
				CLANG_WARN_BOOL_CONVERSION = YES;
				CLANG_WARN_COMMA = YES;
				CLANG_WARN_CONSTANT_CONVERSION = YES;
				CLANG_WARN_DEPRECATED_OBJC_IMPLEMENTATIONS = YES;
				CLANG_WARN_DIRECT_OBJC_ISA_USAGE = YES_ERROR;
				CLANG_WARN_DOCUMENTATION_COMMENTS = YES;
				CLANG_WARN_EMPTY_BODY = YES;
				CLANG_WARN_ENUM_CONVERSION = YES;
				CLANG_WARN_INFINITE_RECURSION = YES;
				CLANG_WARN_INT_CONVERSION = YES;
				CLANG_WARN_NON_LITERAL_NULL_CONVERSION = YES;
				CLANG_WARN_OBJC_IMPLICIT_RETAIN_SELF = YES;
				CLANG_WARN_OBJC_LITERAL_CONVERSION = YES;
				CLANG_WARN_OBJC_ROOT_CLASS = YES_ERROR;
				CLANG_WARN_QUOTED_INCLUDE_IN_FRAMEWORK_HEADER = YES;
				CLANG_WARN_RANGE_LOOP_ANALYSIS = YES;
				CLANG_WARN_STRICT_PROTOTYPES = YES;
				CLANG_WARN_SUSPICIOUS_MOVE = YES;
				CLANG_WARN_UNGUARDED_AVAILABILITY = YES_AGGRESSIVE;
				CLANG_WARN_UNREACHABLE_CODE = YES;
				CLANG_WARN__DUPLICATE_METHOD_MATCH = YES;
				COPY_PHASE_STRIP = NO;
				DEBUG_INFORMATION_FORMAT = dwarf;
				ENABLE_STRICT_OBJC_MSGSEND = YES;
				ENABLE_TESTABILITY = YES;
				GCC_C_LANGUAGE_STANDARD = gnu11;
				GCC_DYNAMIC_NO_PIC = NO;
				GCC_NO_COMMON_BLOCKS = YES;
				GCC_OPTIMIZATION_LEVEL = 0;
				GCC_PREPROCESSOR_DEFINITIONS = (
					"DEBUG=1",
					"$(inherited)",
				);
				GCC_WARN_64_TO_32_BIT_CONVERSION = YES;
				GCC_WARN_ABOUT_RETURN_TYPE = YES_ERROR;
				GCC_WARN_UNDECLARED_SELECTOR = YES;
				GCC_WARN_UNINITIALIZED_AUTOS = YES_AGGRESSIVE;
				GCC_WARN_UNUSED_FUNCTION = YES;
				GCC_WARN_UNUSED_VARIABLE = YES;
				IPHONEOS_DEPLOYMENT_TARGET = 14.0;
				MTL_ENABLE_DEBUG_INFO = INCLUDE_SOURCE;
				MTL_FAST_MATH = YES;
				ONLY_ACTIVE_ARCH = YES;
				SDKROOT = iphoneos;
				SWIFT_ACTIVE_COMPILATION_CONDITIONS = DEBUG;
				SWIFT_OPTIMIZATION_LEVEL = "-Onone";
			};
			name = Debug;
		};
		B70733DB256BCF9B0094DF51 /* Release */ = {
			isa = XCBuildConfiguration;
			buildSettings = {
				ALWAYS_SEARCH_USER_PATHS = NO;
				CLANG_ANALYZER_NONNULL = YES;
				CLANG_ANALYZER_NUMBER_OBJECT_CONVERSION = YES_AGGRESSIVE;
				CLANG_CXX_LANGUAGE_STANDARD = "gnu++14";
				CLANG_CXX_LIBRARY = "libc++";
				CLANG_ENABLE_MODULES = YES;
				CLANG_ENABLE_OBJC_ARC = YES;
				CLANG_ENABLE_OBJC_WEAK = YES;
				CLANG_WARN_BLOCK_CAPTURE_AUTORELEASING = YES;
				CLANG_WARN_BOOL_CONVERSION = YES;
				CLANG_WARN_COMMA = YES;
				CLANG_WARN_CONSTANT_CONVERSION = YES;
				CLANG_WARN_DEPRECATED_OBJC_IMPLEMENTATIONS = YES;
				CLANG_WARN_DIRECT_OBJC_ISA_USAGE = YES_ERROR;
				CLANG_WARN_DOCUMENTATION_COMMENTS = YES;
				CLANG_WARN_EMPTY_BODY = YES;
				CLANG_WARN_ENUM_CONVERSION = YES;
				CLANG_WARN_INFINITE_RECURSION = YES;
				CLANG_WARN_INT_CONVERSION = YES;
				CLANG_WARN_NON_LITERAL_NULL_CONVERSION = YES;
				CLANG_WARN_OBJC_IMPLICIT_RETAIN_SELF = YES;
				CLANG_WARN_OBJC_LITERAL_CONVERSION = YES;
				CLANG_WARN_OBJC_ROOT_CLASS = YES_ERROR;
				CLANG_WARN_QUOTED_INCLUDE_IN_FRAMEWORK_HEADER = YES;
				CLANG_WARN_RANGE_LOOP_ANALYSIS = YES;
				CLANG_WARN_STRICT_PROTOTYPES = YES;
				CLANG_WARN_SUSPICIOUS_MOVE = YES;
				CLANG_WARN_UNGUARDED_AVAILABILITY = YES_AGGRESSIVE;
				CLANG_WARN_UNREACHABLE_CODE = YES;
				CLANG_WARN__DUPLICATE_METHOD_MATCH = YES;
				COPY_PHASE_STRIP = NO;
				DEBUG_INFORMATION_FORMAT = "dwarf-with-dsym";
				ENABLE_NS_ASSERTIONS = NO;
				ENABLE_STRICT_OBJC_MSGSEND = YES;
				GCC_C_LANGUAGE_STANDARD = gnu11;
				GCC_NO_COMMON_BLOCKS = YES;
				GCC_WARN_64_TO_32_BIT_CONVERSION = YES;
				GCC_WARN_ABOUT_RETURN_TYPE = YES_ERROR;
				GCC_WARN_UNDECLARED_SELECTOR = YES;
				GCC_WARN_UNINITIALIZED_AUTOS = YES_AGGRESSIVE;
				GCC_WARN_UNUSED_FUNCTION = YES;
				GCC_WARN_UNUSED_VARIABLE = YES;
				IPHONEOS_DEPLOYMENT_TARGET = 14.0;
				MTL_ENABLE_DEBUG_INFO = NO;
				MTL_FAST_MATH = YES;
				SDKROOT = iphoneos;
				SWIFT_COMPILATION_MODE = wholemodule;
				SWIFT_OPTIMIZATION_LEVEL = "-O";
				VALIDATE_PRODUCT = YES;
			};
			name = Release;
		};
		B70733DD256BCF9B0094DF51 /* Debug */ = {
			isa = XCBuildConfiguration;
			baseConfigurationReference = 5FC6C30BC6FBC14B05E72F6C /* Pods-Native Apps Music App.debug.xcconfig */;
			buildSettings = {
				ASSETCATALOG_COMPILER_APPICON_NAME = AppIcon;
				ASSETCATALOG_COMPILER_GLOBAL_ACCENT_COLOR_NAME = AccentColor;
				CODE_SIGN_STYLE = Automatic;
				DEVELOPMENT_ASSET_PATHS = "\"Native Apps Music App/Preview Content\"";
				DEVELOPMENT_TEAM = 6TV9KZWDRM;
				ENABLE_PREVIEWS = YES;
				INFOPLIST_FILE = "Native Apps Music App/Info.plist";
				LD_RUNPATH_SEARCH_PATHS = (
					"$(inherited)",
					"@executable_path/Frameworks",
				);
				PRODUCT_BUNDLE_IDENTIFIER = com.inigoBereciartua.NativeAppsMusicApp;
				PRODUCT_NAME = "$(TARGET_NAME)";
				SWIFT_VERSION = 5.0;
				TARGETED_DEVICE_FAMILY = "1,2";
			};
			name = Debug;
		};
		B70733DE256BCF9B0094DF51 /* Release */ = {
			isa = XCBuildConfiguration;
			baseConfigurationReference = FD5188DD40603ECEA0ADA576 /* Pods-Native Apps Music App.release.xcconfig */;
			buildSettings = {
				ASSETCATALOG_COMPILER_APPICON_NAME = AppIcon;
				ASSETCATALOG_COMPILER_GLOBAL_ACCENT_COLOR_NAME = AccentColor;
				CODE_SIGN_STYLE = Automatic;
				DEVELOPMENT_ASSET_PATHS = "\"Native Apps Music App/Preview Content\"";
				DEVELOPMENT_TEAM = 6TV9KZWDRM;
				ENABLE_PREVIEWS = YES;
				INFOPLIST_FILE = "Native Apps Music App/Info.plist";
				LD_RUNPATH_SEARCH_PATHS = (
					"$(inherited)",
					"@executable_path/Frameworks",
				);
				PRODUCT_BUNDLE_IDENTIFIER = com.inigoBereciartua.NativeAppsMusicApp;
				"PRODUCT_BUNDLE_IDENTIFIER[sdk=*]" = "";
				PRODUCT_NAME = "$(TARGET_NAME)";
				SWIFT_VERSION = 5.0;
				TARGETED_DEVICE_FAMILY = "1,2";
			};
			name = Release;
		};
		B70733E0256BCF9B0094DF51 /* Debug */ = {
			isa = XCBuildConfiguration;
			baseConfigurationReference = C691B2BD44DFF78999617F85 /* Pods-Native Apps Music AppTests.debug.xcconfig */;
			buildSettings = {
				ALWAYS_EMBED_SWIFT_STANDARD_LIBRARIES = YES;
				BUNDLE_LOADER = "$(TEST_HOST)";
				CODE_SIGN_STYLE = Automatic;
				INFOPLIST_FILE = "Native Apps Music AppTests/Info.plist";
				IPHONEOS_DEPLOYMENT_TARGET = 14.0;
				LD_RUNPATH_SEARCH_PATHS = (
					"$(inherited)",
					"@executable_path/Frameworks",
					"@loader_path/Frameworks",
				);
				PRODUCT_BUNDLE_IDENTIFIER = "In-igo-Bereciartua.Native-Apps-Music-AppTests";
				PRODUCT_NAME = "$(TARGET_NAME)";
				SWIFT_VERSION = 5.0;
				TARGETED_DEVICE_FAMILY = "1,2";
				TEST_HOST = "$(BUILT_PRODUCTS_DIR)/Native Apps Music App.app/Native Apps Music App";
			};
			name = Debug;
		};
		B70733E1256BCF9B0094DF51 /* Release */ = {
			isa = XCBuildConfiguration;
			baseConfigurationReference = 7F09303262F327A57FDE0BA2 /* Pods-Native Apps Music AppTests.release.xcconfig */;
			buildSettings = {
				ALWAYS_EMBED_SWIFT_STANDARD_LIBRARIES = YES;
				BUNDLE_LOADER = "$(TEST_HOST)";
				CODE_SIGN_STYLE = Automatic;
				INFOPLIST_FILE = "Native Apps Music AppTests/Info.plist";
				IPHONEOS_DEPLOYMENT_TARGET = 14.0;
				LD_RUNPATH_SEARCH_PATHS = (
					"$(inherited)",
					"@executable_path/Frameworks",
					"@loader_path/Frameworks",
				);
				PRODUCT_BUNDLE_IDENTIFIER = "In-igo-Bereciartua.Native-Apps-Music-AppTests";
				PRODUCT_NAME = "$(TARGET_NAME)";
				SWIFT_VERSION = 5.0;
				TARGETED_DEVICE_FAMILY = "1,2";
				TEST_HOST = "$(BUILT_PRODUCTS_DIR)/Native Apps Music App.app/Native Apps Music App";
			};
			name = Release;
		};
		B70733E3256BCF9B0094DF51 /* Debug */ = {
			isa = XCBuildConfiguration;
			baseConfigurationReference = C81C345327FA89C6D703D633 /* Pods-Native Apps Music App-Native Apps Music AppUITests.debug.xcconfig */;
			buildSettings = {
				ALWAYS_EMBED_SWIFT_STANDARD_LIBRARIES = YES;
				CODE_SIGN_STYLE = Automatic;
				INFOPLIST_FILE = "Native Apps Music AppUITests/Info.plist";
				LD_RUNPATH_SEARCH_PATHS = (
					"$(inherited)",
					"@executable_path/Frameworks",
					"@loader_path/Frameworks",
				);
				PRODUCT_BUNDLE_IDENTIFIER = "In-igo-Bereciartua.Native-Apps-Music-AppUITests";
				PRODUCT_NAME = "$(TARGET_NAME)";
				SWIFT_VERSION = 5.0;
				TARGETED_DEVICE_FAMILY = "1,2";
				TEST_TARGET_NAME = "Native Apps Music App";
			};
			name = Debug;
		};
		B70733E4256BCF9B0094DF51 /* Release */ = {
			isa = XCBuildConfiguration;
			baseConfigurationReference = 690B64AB169D9901A5A76A7B /* Pods-Native Apps Music App-Native Apps Music AppUITests.release.xcconfig */;
			buildSettings = {
				ALWAYS_EMBED_SWIFT_STANDARD_LIBRARIES = YES;
				CODE_SIGN_STYLE = Automatic;
				INFOPLIST_FILE = "Native Apps Music AppUITests/Info.plist";
				LD_RUNPATH_SEARCH_PATHS = (
					"$(inherited)",
					"@executable_path/Frameworks",
					"@loader_path/Frameworks",
				);
				PRODUCT_BUNDLE_IDENTIFIER = "In-igo-Bereciartua.Native-Apps-Music-AppUITests";
				PRODUCT_NAME = "$(TARGET_NAME)";
				SWIFT_VERSION = 5.0;
				TARGETED_DEVICE_FAMILY = "1,2";
				TEST_TARGET_NAME = "Native Apps Music App";
			};
			name = Release;
		};
/* End XCBuildConfiguration section */

/* Begin XCConfigurationList section */
		B70733AD256BCF6E0094DF51 /* Build configuration list for PBXProject "Native Apps Music App" */ = {
			isa = XCConfigurationList;
			buildConfigurations = (
				B70733DA256BCF9B0094DF51 /* Debug */,
				B70733DB256BCF9B0094DF51 /* Release */,
			);
			defaultConfigurationIsVisible = 0;
			defaultConfigurationName = Release;
		};
		B70733DC256BCF9B0094DF51 /* Build configuration list for PBXNativeTarget "Native Apps Music App" */ = {
			isa = XCConfigurationList;
			buildConfigurations = (
				B70733DD256BCF9B0094DF51 /* Debug */,
				B70733DE256BCF9B0094DF51 /* Release */,
			);
			defaultConfigurationIsVisible = 0;
			defaultConfigurationName = Release;
		};
		B70733DF256BCF9B0094DF51 /* Build configuration list for PBXNativeTarget "Native Apps Music AppTests" */ = {
			isa = XCConfigurationList;
			buildConfigurations = (
				B70733E0256BCF9B0094DF51 /* Debug */,
				B70733E1256BCF9B0094DF51 /* Release */,
			);
			defaultConfigurationIsVisible = 0;
			defaultConfigurationName = Release;
		};
		B70733E2256BCF9B0094DF51 /* Build configuration list for PBXNativeTarget "Native Apps Music AppUITests" */ = {
			isa = XCConfigurationList;
			buildConfigurations = (
				B70733E3256BCF9B0094DF51 /* Debug */,
				B70733E4256BCF9B0094DF51 /* Release */,
			);
			defaultConfigurationIsVisible = 0;
			defaultConfigurationName = Release;
		};
/* End XCConfigurationList section */
	};
	rootObject = B70733AA256BCF6E0094DF51 /* Project object */;
}
